// !$*UTF8*$!
{
	archiveVersion = 1;
	classes = {
	};
	objectVersion = 56;
	objects = {

/* Begin PBXBuildFile section */
		BB0000000000000000000001 /* BuddyApp.swift in Sources */ = {isa = PBXBuildFile; fileRef = AA0000000000000000000001 /* BuddyApp.swift */; };
		BB0000000000000000000002 /* AppDelegate.swift in Sources */ = {isa = PBXBuildFile; fileRef = AA0000000000000000000002 /* AppDelegate.swift */; };
		BB0000000000000000000003 /* CompanionPanel.swift in Sources */ = {isa = PBXBuildFile; fileRef = AA0000000000000000000003 /* CompanionPanel.swift */; };
		BB0000000000000000000004 /* CompanionView.swift in Sources */ = {isa = PBXBuildFile; fileRef = AA0000000000000000000004 /* CompanionView.swift */; };
		BB0000000000000000000005 /* Assets.xcassets in Resources */ = {isa = PBXBuildFile; fileRef = AA0000000000000000000005 /* Assets.xcassets */; };
		BB0000000000000000000006 /* BuddyState.swift in Sources */ = {isa = PBXBuildFile; fileRef = AA0000000000000000000007 /* BuddyState.swift */; };
		BB0000000000000000000007 /* ActivityMonitor.swift in Sources */ = {isa = PBXBuildFile; fileRef = AA0000000000000000000008 /* ActivityMonitor.swift */; };
		BB0000000000000000000008 /* CharacterTheme.swift in Sources */ = {isa = PBXBuildFile; fileRef = AA0000000000000000000009 /* CharacterTheme.swift */; };
		BB0000000000000000000009 /* PresenceManager.swift in Sources */ = {isa = PBXBuildFile; fileRef = AA0000000000000000000010 /* PresenceManager.swift */; };
		BB0000000000000000000010 /* FriendAvatarView.swift in Sources */ = {isa = PBXBuildFile; fileRef = AA0000000000000000000011 /* FriendAvatarView.swift */; };
		BB0000000000000000000011 /* FriendPanelManager.swift in Sources */ = {isa = PBXBuildFile; fileRef = AA0000000000000000000012 /* FriendPanelManager.swift */; };
		BB0000000000000000000012 /* ChatView.swift in Sources */ = {isa = PBXBuildFile; fileRef = AA0000000000000000000013 /* ChatView.swift */; };
		BB0000000000000000000013 /* ChatManager.swift in Sources */ = {isa = PBXBuildFile; fileRef = AA0000000000000000000014 /* ChatManager.swift */; };
		BB0000000000000000000014 /* AppSettings.swift in Sources */ = {isa = PBXBuildFile; fileRef = AA0000000000000000000015 /* AppSettings.swift */; };
		BB0000000000000000000015 /* Sparkle in Frameworks */ = {isa = PBXBuildFile; productRef = SP0000000000000000000002 /* Sparkle */; };
/* End PBXBuildFile section */

/* Begin PBXFileReference section */
		AA0000000000000000000001 /* BuddyApp.swift */ = {isa = PBXFileReference; lastKnownFileType = sourcecode.swift; path = BuddyApp.swift; sourceTree = "<group>"; };
		AA0000000000000000000002 /* AppDelegate.swift */ = {isa = PBXFileReference; lastKnownFileType = sourcecode.swift; path = AppDelegate.swift; sourceTree = "<group>"; };
		AA0000000000000000000003 /* CompanionPanel.swift */ = {isa = PBXFileReference; lastKnownFileType = sourcecode.swift; path = CompanionPanel.swift; sourceTree = "<group>"; };
		AA0000000000000000000004 /* CompanionView.swift */ = {isa = PBXFileReference; lastKnownFileType = sourcecode.swift; path = CompanionView.swift; sourceTree = "<group>"; };
		AA0000000000000000000005 /* Assets.xcassets */ = {isa = PBXFileReference; lastKnownFileType = folder.assetcatalog; path = Assets.xcassets; sourceTree = "<group>"; };
		AA0000000000000000000006 /* Buddy.app */ = {isa = PBXFileReference; explicitFileType = wrapper.application; includeInIndex = 0; path = Buddy.app; sourceTree = BUILT_PRODUCTS_DIR; };
		AA0000000000000000000007 /* BuddyState.swift */ = {isa = PBXFileReference; lastKnownFileType = sourcecode.swift; path = BuddyState.swift; sourceTree = "<group>"; };
		AA0000000000000000000008 /* ActivityMonitor.swift */ = {isa = PBXFileReference; lastKnownFileType = sourcecode.swift; path = ActivityMonitor.swift; sourceTree = "<group>"; };
		AA0000000000000000000009 /* CharacterTheme.swift */ = {isa = PBXFileReference; lastKnownFileType = sourcecode.swift; path = CharacterTheme.swift; sourceTree = "<group>"; };
		AA0000000000000000000010 /* PresenceManager.swift */ = {isa = PBXFileReference; lastKnownFileType = sourcecode.swift; path = PresenceManager.swift; sourceTree = "<group>"; };
		AA0000000000000000000011 /* FriendAvatarView.swift */ = {isa = PBXFileReference; lastKnownFileType = sourcecode.swift; path = FriendAvatarView.swift; sourceTree = "<group>"; };
		AA0000000000000000000012 /* FriendPanelManager.swift */ = {isa = PBXFileReference; lastKnownFileType = sourcecode.swift; path = FriendPanelManager.swift; sourceTree = "<group>"; };
		AA0000000000000000000013 /* ChatView.swift */ = {isa = PBXFileReference; lastKnownFileType = sourcecode.swift; path = ChatView.swift; sourceTree = "<group>"; };
		AA0000000000000000000014 /* ChatManager.swift */ = {isa = PBXFileReference; lastKnownFileType = sourcecode.swift; path = ChatManager.swift; sourceTree = "<group>"; };
		AA0000000000000000000015 /* AppSettings.swift */ = {isa = PBXFileReference; lastKnownFileType = sourcecode.swift; path = AppSettings.swift; sourceTree = "<group>"; };
/* End PBXFileReference section */

/* Begin PBXFrameworksBuildPhase section */
		FF0000000000000000000003 /* Frameworks */ = {
			isa = PBXFrameworksBuildPhase;
			buildActionMask = 2147483647;
			files = (
				BB0000000000000000000015 /* Sparkle in Frameworks */,
			);
			runOnlyForDeploymentPostprocessing = 0;
		};
/* End PBXFrameworksBuildPhase section */

/* Begin PBXGroup section */
		CC0000000000000000000001 = {
			isa = PBXGroup;
			children = (
				CC0000000000000000000002 /* Buddy */,
				CC0000000000000000000003 /* Products */,
			);
			sourceTree = "<group>";
		};
		CC0000000000000000000002 /* Buddy */ = {
			isa = PBXGroup;
			children = (
				AA0000000000000000000001 /* BuddyApp.swift */,
				AA0000000000000000000002 /* AppDelegate.swift */,
				AA0000000000000000000003 /* CompanionPanel.swift */,
				AA0000000000000000000004 /* CompanionView.swift */,
				AA0000000000000000000007 /* BuddyState.swift */,
				AA0000000000000000000008 /* ActivityMonitor.swift */,
				AA0000000000000000000009 /* CharacterTheme.swift */,
				AA0000000000000000000010 /* PresenceManager.swift */,
				AA0000000000000000000011 /* FriendAvatarView.swift */,
				AA0000000000000000000012 /* FriendPanelManager.swift */,
				AA0000000000000000000013 /* ChatView.swift */,
				AA0000000000000000000014 /* ChatManager.swift */,
				AA0000000000000000000015 /* AppSettings.swift */,
				AA0000000000000000000005 /* Assets.xcassets */,
			);
			path = Buddy;
			sourceTree = "<group>";
		};
		CC0000000000000000000003 /* Products */ = {
			isa = PBXGroup;
			children = (
				AA0000000000000000000006 /* Buddy.app */,
			);
			name = Products;
			sourceTree = "<group>";
		};
/* End PBXGroup section */

/* Begin PBXNativeTarget section */
		DD0000000000000000000001 /* Buddy */ = {
			isa = PBXNativeTarget;
			buildConfigurationList = 2A0000000000000000000002 /* Build configuration list for PBXNativeTarget "Buddy" */;
			buildPhases = (
				FF0000000000000000000001 /* Sources */,
				FF0000000000000000000003 /* Frameworks */,
				FF0000000000000000000002 /* Resources */,
			);
			buildRules = (
			);
			dependencies = (
			);
			name = Buddy;
			packageProductDependencies = (
				SP0000000000000000000002 /* Sparkle */,
			);
			productName = Buddy;
			productReference = AA0000000000000000000006 /* Buddy.app */;
			productType = "com.apple.product-type.application";
		};
/* End PBXNativeTarget section */

/* Begin PBXProject section */
		EE0000000000000000000001 /* Project object */ = {
			isa = PBXProject;
			attributes = {
				BuildIndependentTargetsInParallel = 1;
				LastSwiftUpdateCheck = 1600;
				LastUpgradeCheck = 1600;
			};
			buildConfigurationList = 2A0000000000000000000001 /* Build configuration list for PBXProject "Buddy" */;
			compatibilityVersion = "Xcode 14.0";
			developmentRegion = en;
			hasScannedForEncodings = 0;
			knownRegions = (
				en,
				Base,
			);
			mainGroup = CC0000000000000000000001;
			productRefGroup = CC0000000000000000000003 /* Products */;
			projectDirPath = "";
			projectRoot = "";
			packageReferences = (
				SP0000000000000000000001 /* XCRemoteSwiftPackageReference "Sparkle" */,
			);
			targets = (
				DD0000000000000000000001 /* Buddy */,
			);
		};
/* End PBXProject section */

/* Begin PBXResourcesBuildPhase section */
		FF0000000000000000000002 /* Resources */ = {
			isa = PBXResourcesBuildPhase;
			buildActionMask = 2147483647;
			files = (
				BB0000000000000000000005 /* Assets.xcassets in Resources */,
			);
			runOnlyForDeploymentPostprocessing = 0;
		};
/* End PBXResourcesBuildPhase section */

/* Begin PBXSourcesBuildPhase section */
		FF0000000000000000000001 /* Sources */ = {
			isa = PBXSourcesBuildPhase;
			buildActionMask = 2147483647;
			files = (
				BB0000000000000000000001 /* BuddyApp.swift in Sources */,
				BB0000000000000000000002 /* AppDelegate.swift in Sources */,
				BB0000000000000000000003 /* CompanionPanel.swift in Sources */,
				BB0000000000000000000004 /* CompanionView.swift in Sources */,
				BB0000000000000000000006 /* BuddyState.swift in Sources */,
				BB0000000000000000000007 /* ActivityMonitor.swift in Sources */,
				BB0000000000000000000008 /* CharacterTheme.swift in Sources */,
				BB0000000000000000000009 /* PresenceManager.swift in Sources */,
				BB0000000000000000000010 /* FriendAvatarView.swift in Sources */,
				BB0000000000000000000011 /* FriendPanelManager.swift in Sources */,
				BB0000000000000000000012 /* ChatView.swift in Sources */,
				BB0000000000000000000013 /* ChatManager.swift in Sources */,
				BB0000000000000000000014 /* AppSettings.swift in Sources */,
			);
			runOnlyForDeploymentPostprocessing = 0;
		};
/* End PBXSourcesBuildPhase section */

/* Begin XCBuildConfiguration section */
		1A0000000000000000000001 /* Debug */ = {
			isa = XCBuildConfiguration;
			buildSettings = {
				ALWAYS_SEARCH_USER_PATHS = NO;
				CLANG_ANALYZER_NONNULL = YES;
				CLANG_CXX_LANGUAGE_STANDARD = "gnu++20";
				CLANG_ENABLE_MODULES = YES;
				CLANG_ENABLE_OBJC_ARC = YES;
				COPY_PHASE_STRIP = NO;
				DEBUG_INFORMATION_FORMAT = dwarf;
				ENABLE_STRICT_OBJC_MSGSEND = YES;
				ENABLE_TESTABILITY = YES;
				GCC_DYNAMIC_NO_PIC = NO;
				GCC_OPTIMIZATION_LEVEL = 0;
				GCC_PREPROCESSOR_DEFINITIONS = (
					"DEBUG=1",
					"$(inherited)",
				);
				GCC_WARN_ABOUT_RETURN_TYPE = YES_ERROR;
				GCC_WARN_UNINITIALIZED_AUTOS = YES_AGGRESSIVE;
				MACOSX_DEPLOYMENT_TARGET = 14.0;
				MTL_ENABLE_DEBUG_INFO = INCLUDE_SOURCE;
				ONLY_ACTIVE_ARCH = YES;
				SDKROOT = macosx;
				SWIFT_ACTIVE_COMPILATION_CONDITIONS = "$(inherited) DEBUG";
				SWIFT_OPTIMIZATION_LEVEL = "-Onone";
			};
			name = Debug;
		};
		1A0000000000000000000002 /* Release */ = {
			isa = XCBuildConfiguration;
			buildSettings = {
				ALWAYS_SEARCH_USER_PATHS = NO;
				CLANG_ANALYZER_NONNULL = YES;
				CLANG_CXX_LANGUAGE_STANDARD = "gnu++20";
				CLANG_ENABLE_MODULES = YES;
				CLANG_ENABLE_OBJC_ARC = YES;
				COPY_PHASE_STRIP = NO;
				DEBUG_INFORMATION_FORMAT = "dwarf-with-dsym";
				ENABLE_NS_ASSERTIONS = NO;
				ENABLE_STRICT_OBJC_MSGSEND = YES;
				GCC_WARN_ABOUT_RETURN_TYPE = YES_ERROR;
				GCC_WARN_UNINITIALIZED_AUTOS = YES_AGGRESSIVE;
				MACOSX_DEPLOYMENT_TARGET = 14.0;
				SDKROOT = macosx;
				SWIFT_COMPILATION_MODE = wholemodule;
			};
			name = Release;
		};
		1A0000000000000000000003 /* Debug */ = {
			isa = XCBuildConfiguration;
			buildSettings = {
				ASSETCATALOG_COMPILER_APPICON_NAME = AppIcon;
				CODE_SIGN_IDENTITY = "Apple Development";
				CODE_SIGN_STYLE = Automatic;
				COMBINE_HIDPI_IMAGES = YES;
				CURRENT_PROJECT_VERSION = 5;
				DEAD_CODE_STRIPPING = YES;
				DEVELOPMENT_TEAM = TAQAF8W6WH;
				GENERATE_INFOPLIST_FILE = YES;
				INFOPLIST_FILE = Buddy/Info.plist;
				INFOPLIST_KEY_LSUIElement = YES;
				LD_RUNPATH_SEARCH_PATHS = (
					"$(inherited)",
					"@executable_path/../Frameworks",
				);
				MARKETING_VERSION = 1.2.2;
				PRODUCT_BUNDLE_IDENTIFIER = com.sarahgilmore.buddy;
				PRODUCT_NAME = "$(TARGET_NAME)";
				SWIFT_EMIT_LOC_STRINGS = YES;
				SWIFT_VERSION = 5.0;
			};
			name = Debug;
		};
		1A0000000000000000000004 /* Release */ = {
			isa = XCBuildConfiguration;
			buildSettings = {
				ASSETCATALOG_COMPILER_APPICON_NAME = AppIcon;
				CODE_SIGN_IDENTITY = "Apple Development";
				CODE_SIGN_STYLE = Automatic;
				COMBINE_HIDPI_IMAGES = YES;
				CURRENT_PROJECT_VERSION = 5;
				DEAD_CODE_STRIPPING = YES;
				DEVELOPMENT_TEAM = TAQAF8W6WH;
				GENERATE_INFOPLIST_FILE = YES;
				INFOPLIST_FILE = Buddy/Info.plist;
				INFOPLIST_KEY_LSUIElement = YES;
				LD_RUNPATH_SEARCH_PATHS = (
					"$(inherited)",
					"@executable_path/../Frameworks",
				);
				MARKETING_VERSION = 1.2.2;
				PRODUCT_BUNDLE_IDENTIFIER = com.sarahgilmore.buddy;
				PRODUCT_NAME = "$(TARGET_NAME)";
				SWIFT_EMIT_LOC_STRINGS = YES;
				SWIFT_VERSION = 5.0;
			};
			name = Release;
		};
/* End XCBuildConfiguration section */

/* Begin XCConfigurationList section */
		2A0000000000000000000001 /* Build configuration list for PBXProject "Buddy" */ = {
			isa = XCConfigurationList;
			buildConfigurations = (
				1A0000000000000000000001 /* Debug */,
				1A0000000000000000000002 /* Release */,
			);
			defaultConfigurationIsVisible = 0;
			defaultConfigurationName = Release;
		};
		2A0000000000000000000002 /* Build configuration list for PBXNativeTarget "Buddy" */ = {
			isa = XCConfigurationList;
			buildConfigurations = (
				1A0000000000000000000003 /* Debug */,
				1A0000000000000000000004 /* Release */,
			);
			defaultConfigurationIsVisible = 0;
			defaultConfigurationName = Release;
		};
/* End XCConfigurationList section */

/* Begin XCRemoteSwiftPackageReference section */
		SP0000000000000000000001 /* XCRemoteSwiftPackageReference "Sparkle" */ = {
			isa = XCRemoteSwiftPackageReference;
			repositoryURL = "https://github.com/sparkle-project/Sparkle";
			requirement = {
				kind = upToNextMajorVersion;
				minimumVersion = 2.6.0;
			};
		};
/* End XCRemoteSwiftPackageReference section */

/* Begin XCSwiftPackageProductDependency section */
		SP0000000000000000000002 /* Sparkle */ = {
			isa = XCSwiftPackageProductDependency;
			package = SP0000000000000000000001 /* XCRemoteSwiftPackageReference "Sparkle" */;
			productName = Sparkle;
		};
/* End XCSwiftPackageProductDependency section */
	};
	rootObject = EE0000000000000000000001 /* Project object */;
}
